
Microsoft Visual Studio Solution File, Format Version 12.00
# Visual Studio Version 16
VisualStudioVersion = 16.0.30128.74
MinimumVisualStudioVersion = 10.0.40219.1
Project("{9A19103F-16F7-4668-BE54-9A1E7A4F7556}") = "NLayeredProjectExample.Core", "NLayeredProjectExample.Core\NLayeredProjectExample.Core.csproj", "{C2ECF364-479C-4246-83AB-50D2CCB8148C}"
EndProject
Project("{FAE04EC0-301F-11D3-BF4B-00C04F79EFBC}") = "NLayeredProjectExample.Entity", "NLayeredProjectExample.Entity\NLayeredProjectExample.Entity.csproj", "{369E4A66-4007-48A6-B071-562163523E8D}"
EndProject
Project("{FAE04EC0-301F-11D3-BF4B-00C04F79EFBC}") = "NLayeredProjectExample.DataAccess", "NLayeredProjectExample.DataAccess\NLayeredProjectExample.DataAccess.csproj", "{AD4491C6-AC2A-4EE7-A5C1-F7DC64FD8B58}"
EndProject
Project("{FAE04EC0-301F-11D3-BF4B-00C04F79EFBC}") = "NLayeredProjectExample", "NLayeredProjectExample\NLayeredProjectExample.csproj", "{A1CFECAE-229F-4EA0-8C8E-8061776F686D}"
EndProject
Global
	GlobalSection(SolutionConfigurationPlatforms) = preSolution
		Debug|Any CPU = Debug|Any CPU
		Release|Any CPU = Release|Any CPU
	EndGlobalSection
	GlobalSection(ProjectConfigurationPlatforms) = postSolution
		{C2ECF364-479C-4246-83AB-50D2CCB8148C}.Debug|Any CPU.ActiveCfg = Debug|Any CPU
		{C2ECF364-479C-4246-83AB-50D2CCB8148C}.Debug|Any CPU.Build.0 = Debug|Any CPU
		{C2ECF364-479C-4246-83AB-50D2CCB8148C}.Release|Any CPU.ActiveCfg = Release|Any CPU
		{C2ECF364-479C-4246-83AB-50D2CCB8148C}.Release|Any CPU.Build.0 = Release|Any CPU
		{369E4A66-4007-48A6-B071-562163523E8D}.Debug|Any CPU.ActiveCfg = Debug|Any CPU
		{369E4A66-4007-48A6-B071-562163523E8D}.Debug|Any CPU.Build.0 = Debug|Any CPU
		{369E4A66-4007-48A6-B071-562163523E8D}.Release|Any CPU.ActiveCfg = Release|Any CPU
		{369E4A66-4007-48A6-B071-562163523E8D}.Release|Any CPU.Build.0 = Release|Any CPU
		{AD4491C6-AC2A-4EE7-A5C1-F7DC64FD8B58}.Debug|Any CPU.ActiveCfg = Debug|Any CPU
		{AD4491C6-AC2A-4EE7-A5C1-F7DC64FD8B58}.Debug|Any CPU.Build.0 = Debug|Any CPU
		{AD4491C6-AC2A-4EE7-A5C1-F7DC64FD8B58}.Release|Any CPU.ActiveCfg = Release|Any CPU
		{AD4491C6-AC2A-4EE7-A5C1-F7DC64FD8B58}.Release|Any CPU.Build.0 = Release|Any CPU
		{A1CFECAE-229F-4EA0-8C8E-8061776F686D}.Debug|Any CPU.ActiveCfg = Debug|Any CPU
		{A1CFECAE-229F-4EA0-8C8E-8061776F686D}.Debug|Any CPU.Build.0 = Debug|Any CPU
		{A1CFECAE-229F-4EA0-8C8E-8061776F686D}.Release|Any CPU.ActiveCfg = Release|Any CPU
		{A1CFECAE-229F-4EA0-8C8E-8061776F686D}.Release|Any CPU.Build.0 = Release|Any CPU
	EndGlobalSection
	GlobalSection(SolutionProperties) = preSolution
		HideSolutionNode = FALSE
	EndGlobalSection
	GlobalSection(ExtensibilityGlobals) = postSolution
		SolutionGuid = {F61D0CA2-5A31-4D73-995E-959F945E4911}
	EndGlobalSection
EndGlobal
